
Microsoft Visual Studio Solution File, Format Version 12.00
# Visual Studio Version 16
VisualStudioVersion = 16.0.30804.86
MinimumVisualStudioVersion = 10.0.40219.1
Project("{8BC9CEB8-8B4A-11D0-8D11-00A0C91BC942}") = "Lab-9-num-2", "Lab-9-num-2.vcxproj", "{FA5F721B-834E-4F1C-A22E-406C3912F193}"
EndProject
Global
	GlobalSection(SolutionConfigurationPlatforms) = preSolution
		Debug|x64 = Debug|x64
		Debug|x86 = Debug|x86
		Release|x64 = Release|x64
		Release|x86 = Release|x86
	EndGlobalSection
	GlobalSection(ProjectConfigurationPlatforms) = postSolution
		{FA5F721B-834E-4F1C-A22E-406C3912F193}.Debug|x64.ActiveCfg = Debug|x64
		{FA5F721B-834E-4F1C-A22E-406C3912F193}.Debug|x64.Build.0 = Debug|x64
		{FA5F721B-834E-4F1C-A22E-406C3912F193}.Debug|x86.ActiveCfg = Debug|Win32
		{FA5F721B-834E-4F1C-A22E-406C3912F193}.Debug|x86.Build.0 = Debug|Win32
		{FA5F721B-834E-4F1C-A22E-406C3912F193}.Release|x64.ActiveCfg = Release|x64
		{FA5F721B-834E-4F1C-A22E-406C3912F193}.Release|x64.Build.0 = Release|x64
		{FA5F721B-834E-4F1C-A22E-406C3912F193}.Release|x86.ActiveCfg = Release|Win32
		{FA5F721B-834E-4F1C-A22E-406C3912F193}.Release|x86.Build.0 = Release|Win32
	EndGlobalSection
	GlobalSection(SolutionProperties) = preSolution
		HideSolutionNode = FALSE
	EndGlobalSection
	GlobalSection(ExtensibilityGlobals) = postSolution
		SolutionGuid = {4773D373-811E-4109-96DD-0CF15CD3EB41}
	EndGlobalSection
EndGlobal
