
Microsoft Visual Studio Solution File, Format Version 12.00
# Visual Studio Version 16
VisualStudioVersion = 16.0.30804.86
MinimumVisualStudioVersion = 10.0.40219.1
Project("{8BC9CEB8-8B4A-11D0-8D11-00A0C91BC942}") = "Lab-14-num-4", "Lab-14-num-4.vcxproj", "{80CB791D-721A-4AED-AC8B-4CFB9F78C235}"
EndProject
Global
	GlobalSection(SolutionConfigurationPlatforms) = preSolution
		Debug|x64 = Debug|x64
		Debug|x86 = Debug|x86
		Release|x64 = Release|x64
		Release|x86 = Release|x86
	EndGlobalSection
	GlobalSection(ProjectConfigurationPlatforms) = postSolution
		{80CB791D-721A-4AED-AC8B-4CFB9F78C235}.Debug|x64.ActiveCfg = Debug|x64
		{80CB791D-721A-4AED-AC8B-4CFB9F78C235}.Debug|x64.Build.0 = Debug|x64
		{80CB791D-721A-4AED-AC8B-4CFB9F78C235}.Debug|x86.ActiveCfg = Debug|Win32
		{80CB791D-721A-4AED-AC8B-4CFB9F78C235}.Debug|x86.Build.0 = Debug|Win32
		{80CB791D-721A-4AED-AC8B-4CFB9F78C235}.Release|x64.ActiveCfg = Release|x64
		{80CB791D-721A-4AED-AC8B-4CFB9F78C235}.Release|x64.Build.0 = Release|x64
		{80CB791D-721A-4AED-AC8B-4CFB9F78C235}.Release|x86.ActiveCfg = Release|Win32
		{80CB791D-721A-4AED-AC8B-4CFB9F78C235}.Release|x86.Build.0 = Release|Win32
	EndGlobalSection
	GlobalSection(SolutionProperties) = preSolution
		HideSolutionNode = FALSE
	EndGlobalSection
	GlobalSection(ExtensibilityGlobals) = postSolution
		SolutionGuid = {7B37C761-BC30-40EF-A96D-6058DB8E0EC3}
	EndGlobalSection
EndGlobal
